
Microsoft Visual Studio Solution File, Format Version 12.00
# Visual Studio Version 16
VisualStudioVersion = 16.0.31129.286
MinimumVisualStudioVersion = 10.0.40219.1
Project("{FAE04EC0-301F-11D3-BF4B-00C04F79EFBC}") = "ShopApp.Entities", "ShopApp.Entities\ShopApp.Entities.csproj", "{BDF2846F-BDED-467D-A807-37A2C6F8CAE0}"
EndProject
Project("{FAE04EC0-301F-11D3-BF4B-00C04F79EFBC}") = "ShopApp.DataAccess", "ShopApp.DataAccess\ShopApp.DataAccess.csproj", "{A3317C93-AAF5-420C-B731-BFD9177E4AAA}"
EndProject
Global
	GlobalSection(SolutionConfigurationPlatforms) = preSolution
		Debug|Any CPU = Debug|Any CPU
		Release|Any CPU = Release|Any CPU
	EndGlobalSection
	GlobalSection(ProjectConfigurationPlatforms) = postSolution
		{BDF2846F-BDED-467D-A807-37A2C6F8CAE0}.Debug|Any CPU.ActiveCfg = Debug|Any CPU
		{BDF2846F-BDED-467D-A807-37A2C6F8CAE0}.Debug|Any CPU.Build.0 = Debug|Any CPU
		{BDF2846F-BDED-467D-A807-37A2C6F8CAE0}.Release|Any CPU.ActiveCfg = Release|Any CPU
		{BDF2846F-BDED-467D-A807-37A2C6F8CAE0}.Release|Any CPU.Build.0 = Release|Any CPU
		{A3317C93-AAF5-420C-B731-BFD9177E4AAA}.Debug|Any CPU.ActiveCfg = Debug|Any CPU
		{A3317C93-AAF5-420C-B731-BFD9177E4AAA}.Debug|Any CPU.Build.0 = Debug|Any CPU
		{A3317C93-AAF5-420C-B731-BFD9177E4AAA}.Release|Any CPU.ActiveCfg = Release|Any CPU
		{A3317C93-AAF5-420C-B731-BFD9177E4AAA}.Release|Any CPU.Build.0 = Release|Any CPU
	EndGlobalSection
	GlobalSection(SolutionProperties) = preSolution
		HideSolutionNode = FALSE
	EndGlobalSection
	GlobalSection(ExtensibilityGlobals) = postSolution
		SolutionGuid = {2DCC5989-F0BA-4D9E-93A2-6C89333DB016}
	EndGlobalSection
EndGlobal
